github.com/tunabay/go-bitarray v1.3.1 h1:5q38uagXhrdzT0LjKWBB5ILO56fptGrJG8750171cAo=
github.com/tunabay/go-bitarray v1.3.1/go.mod h1:k6MncM9mWklQRcVy5Xe9RYixeDd9b3H0xqtgiANJFF4=
golang.org/x/exp v0.0.0-20220323204016-c86f0da35e87 h1:pFVxvJFSIGjuRLaw0mTTDfxn/AMeSYzY6Y/Hr7adkVU=
golang.org/x/exp v0.0.0-20220323204016-c86f0da35e87/go.mod h1:lgLbSvA5ygNOMpwM/9anMpWVlVJ7Z+cHWq/eFuinpGE=
